
Microsoft Visual Studio Solution File, Format Version 12.00
# Visual Studio Version 17
VisualStudioVersion = 17.1.32421.90
MinimumVisualStudioVersion = 10.0.40219.1
Project("{FAE04EC0-301F-11D3-BF4B-00C04F79EFBC}") = "DataAnnotationLocalization.WebUI", "DataAnnotationLocalization.WebUI\DataAnnotationLocalization.WebUI.csproj", "{B5FED32B-4722-4C69-8663-5204A116EE31}"
EndProject
Project("{FAE04EC0-301F-11D3-BF4B-00C04F79EFBC}") = "DataAnnotationLocalization.Resources", "DataAnnotationLocalization.Resources\DataAnnotationLocalization.Resources.csproj", "{DE591A0F-AF94-4EE7-9EA1-F9F51F748F85}"
EndProject
Global
	GlobalSection(SolutionConfigurationPlatforms) = preSolution
		Debug|Any CPU = Debug|Any CPU
		Release|Any CPU = Release|Any CPU
	EndGlobalSection
	GlobalSection(ProjectConfigurationPlatforms) = postSolution
		{B5FED32B-4722-4C69-8663-5204A116EE31}.Debug|Any CPU.ActiveCfg = Debug|Any CPU
		{B5FED32B-4722-4C69-8663-5204A116EE31}.Debug|Any CPU.Build.0 = Debug|Any CPU
		{B5FED32B-4722-4C69-8663-5204A116EE31}.Release|Any CPU.ActiveCfg = Release|Any CPU
		{B5FED32B-4722-4C69-8663-5204A116EE31}.Release|Any CPU.Build.0 = Release|Any CPU
		{DE591A0F-AF94-4EE7-9EA1-F9F51F748F85}.Debug|Any CPU.ActiveCfg = Debug|Any CPU
		{DE591A0F-AF94-4EE7-9EA1-F9F51F748F85}.Debug|Any CPU.Build.0 = Debug|Any CPU
		{DE591A0F-AF94-4EE7-9EA1-F9F51F748F85}.Release|Any CPU.ActiveCfg = Release|Any CPU
		{DE591A0F-AF94-4EE7-9EA1-F9F51F748F85}.Release|Any CPU.Build.0 = Release|Any CPU
	EndGlobalSection
	GlobalSection(SolutionProperties) = preSolution
		HideSolutionNode = FALSE
	EndGlobalSection
	GlobalSection(ExtensibilityGlobals) = postSolution
		SolutionGuid = {E964876D-8224-41AC-A6BF-3031DA2AEE64}
	EndGlobalSection
EndGlobal
